
Microsoft Visual Studio Solution File, Format Version 12.00
# Visual Studio 15
VisualStudioVersion = 15.0.34112.143
MinimumVisualStudioVersion = 10.0.40219.1
Project("{FAE04EC0-301F-11D3-BF4B-00C04F79EFBC}") = "MeyawoPortfolio", "MeyawoPortfolio\MeyawoPortfolio.csproj", "{48DF7319-AA44-4531-B980-97013497E614}"
EndProject
Global
	GlobalSection(SolutionConfigurationPlatforms) = preSolution
		Debug|Any CPU = Debug|Any CPU
		Release|Any CPU = Release|Any CPU
	EndGlobalSection
	GlobalSection(ProjectConfigurationPlatforms) = postSolution
		{48DF7319-AA44-4531-B980-97013497E614}.Debug|Any CPU.ActiveCfg = Debug|Any CPU
		{48DF7319-AA44-4531-B980-97013497E614}.Debug|Any CPU.Build.0 = Debug|Any CPU
		{48DF7319-AA44-4531-B980-97013497E614}.Release|Any CPU.ActiveCfg = Release|Any CPU
		{48DF7319-AA44-4531-B980-97013497E614}.Release|Any CPU.Build.0 = Release|Any CPU
	EndGlobalSection
	GlobalSection(SolutionProperties) = preSolution
		HideSolutionNode = FALSE
	EndGlobalSection
	GlobalSection(ExtensibilityGlobals) = postSolution
		SolutionGuid = {B26903D3-7CF0-434F-AF95-BBAD74A2F91E}
	EndGlobalSection
EndGlobal
